
Microsoft Visual Studio Solution File, Format Version 12.00
# Visual Studio 14
VisualStudioVersion = 14.0.25123.0
MinimumVisualStudioVersion = 10.0.40219.1
Project("{FAE04EC0-301F-11D3-BF4B-00C04F79EFBC}") = "HaxlSharp.Test", "HaxlSharp.Test\HaxlSharp.Test.csproj", "{B62BE199-4FAB-41BF-BB52-A194E7E8106D}"
EndProject
Project("{FAE04EC0-301F-11D3-BF4B-00C04F79EFBC}") = "HaxlSharp.Core", "HaxlSharp.Core\HaxlSharp.Core.csproj", "{56487EB5-C699-4EAA-B384-C6F9E64635C5}"
EndProject
Project("{FAE04EC0-301F-11D3-BF4B-00C04F79EFBC}") = "HaxlSharp.Fetcher", "HaxlSharp.Fetcher\HaxlSharp.Fetcher.csproj", "{4D87351F-EEE6-4361-B889-D8217EB314AA}"
EndProject
Global
	GlobalSection(SolutionConfigurationPlatforms) = preSolution
		Debug|Any CPU = Debug|Any CPU
		Release|Any CPU = Release|Any CPU
	EndGlobalSection
	GlobalSection(ProjectConfigurationPlatforms) = postSolution
		{4D87351F-EEE6-4361-B889-D8217EB314AA}.Debug|Any CPU.ActiveCfg = Debug|Any CPU
		{4D87351F-EEE6-4361-B889-D8217EB314AA}.Debug|Any CPU.Build.0 = Debug|Any CPU
		{4D87351F-EEE6-4361-B889-D8217EB314AA}.Release|Any CPU.ActiveCfg = Release|Any CPU
		{4D87351F-EEE6-4361-B889-D8217EB314AA}.Release|Any CPU.Build.0 = Release|Any CPU
		{56487EB5-C699-4EAA-B384-C6F9E64635C5}.Debug|Any CPU.ActiveCfg = Debug|Any CPU
		{56487EB5-C699-4EAA-B384-C6F9E64635C5}.Debug|Any CPU.Build.0 = Debug|Any CPU
		{56487EB5-C699-4EAA-B384-C6F9E64635C5}.Release|Any CPU.ActiveCfg = Release|Any CPU
		{56487EB5-C699-4EAA-B384-C6F9E64635C5}.Release|Any CPU.Build.0 = Release|Any CPU
		{B62BE199-4FAB-41BF-BB52-A194E7E8106D}.Debug|Any CPU.ActiveCfg = Debug|Any CPU
		{B62BE199-4FAB-41BF-BB52-A194E7E8106D}.Debug|Any CPU.Build.0 = Debug|Any CPU
		{B62BE199-4FAB-41BF-BB52-A194E7E8106D}.Release|Any CPU.ActiveCfg = Release|Any CPU
		{B62BE199-4FAB-41BF-BB52-A194E7E8106D}.Release|Any CPU.Build.0 = Release|Any CPU
	EndGlobalSection
	GlobalSection(SolutionProperties) = preSolution
		HideSolutionNode = FALSE
	EndGlobalSection
EndGlobal
