
Microsoft Visual Studio Solution File, Format Version 12.00
# Visual Studio 14
VisualStudioVersion = 14.0.24720.0
MinimumVisualStudioVersion = 10.0.40219.1
Project("{FAE04EC0-301F-11D3-BF4B-00C04F79EFBC}") = "HaxlSharp", "HaxlSharp\HaxlSharp.csproj", "{8A752CBD-3F03-4FF2-A2FA-709E50C870D3}"
EndProject
Project("{FAE04EC0-301F-11D3-BF4B-00C04F79EFBC}") = "HaxlSharp.Test", "HaxlSharp.Test\HaxlSharp.Test.csproj", "{B62BE199-4FAB-41BF-BB52-A194E7E8106D}"
EndProject
Global
	GlobalSection(SolutionConfigurationPlatforms) = preSolution
		Debug|Any CPU = Debug|Any CPU
		Release|Any CPU = Release|Any CPU
	EndGlobalSection
	GlobalSection(ProjectConfigurationPlatforms) = postSolution
		{8A752CBD-3F03-4FF2-A2FA-709E50C870D3}.Debug|Any CPU.ActiveCfg = Debug|Any CPU
		{8A752CBD-3F03-4FF2-A2FA-709E50C870D3}.Debug|Any CPU.Build.0 = Debug|Any CPU
		{8A752CBD-3F03-4FF2-A2FA-709E50C870D3}.Release|Any CPU.ActiveCfg = Release|Any CPU
		{8A752CBD-3F03-4FF2-A2FA-709E50C870D3}.Release|Any CPU.Build.0 = Release|Any CPU
		{B62BE199-4FAB-41BF-BB52-A194E7E8106D}.Debug|Any CPU.ActiveCfg = Debug|Any CPU
		{B62BE199-4FAB-41BF-BB52-A194E7E8106D}.Debug|Any CPU.Build.0 = Debug|Any CPU
		{B62BE199-4FAB-41BF-BB52-A194E7E8106D}.Release|Any CPU.ActiveCfg = Release|Any CPU
		{B62BE199-4FAB-41BF-BB52-A194E7E8106D}.Release|Any CPU.Build.0 = Release|Any CPU
	EndGlobalSection
	GlobalSection(SolutionProperties) = preSolution
		HideSolutionNode = FALSE
	EndGlobalSection
EndGlobal
